
Microsoft Visual Studio Solution File, Format Version 12.00
# Visual Studio Version 17
VisualStudioVersion = 17.14.36327.8 d17.14
MinimumVisualStudioVersion = 10.0.40219.1
Project("{FAE04EC0-301F-11D3-BF4B-00C04F79EFBC}") = "IKEA.PL", "IKEA.PL\IKEA.PL.csproj", "{00373F16-7BBF-44E7-BA76-13A822B8D0F1}"
EndProject
Project("{FAE04EC0-301F-11D3-BF4B-00C04F79EFBC}") = "IKEA.DAL", "IKEA.DAL\IKEA.DAL.csproj", "{A3176A62-50C3-469A-9AAA-D8381D78AACE}"
EndProject
Project("{FAE04EC0-301F-11D3-BF4B-00C04F79EFBC}") = "IKEA.BLL", "IKEA.BLL\IKEA.BLL.csproj", "{D3A52C74-51E2-45EB-9E8B-2285F37A8F72}"
EndProject
Global
	GlobalSection(SolutionConfigurationPlatforms) = preSolution
		Debug|Any CPU = Debug|Any CPU
		Release|Any CPU = Release|Any CPU
	EndGlobalSection
	GlobalSection(ProjectConfigurationPlatforms) = postSolution
		{00373F16-7BBF-44E7-BA76-13A822B8D0F1}.Debug|Any CPU.ActiveCfg = Debug|Any CPU
		{00373F16-7BBF-44E7-BA76-13A822B8D0F1}.Debug|Any CPU.Build.0 = Debug|Any CPU
		{00373F16-7BBF-44E7-BA76-13A822B8D0F1}.Release|Any CPU.ActiveCfg = Release|Any CPU
		{00373F16-7BBF-44E7-BA76-13A822B8D0F1}.Release|Any CPU.Build.0 = Release|Any CPU
		{A3176A62-50C3-469A-9AAA-D8381D78AACE}.Debug|Any CPU.ActiveCfg = Debug|Any CPU
		{A3176A62-50C3-469A-9AAA-D8381D78AACE}.Debug|Any CPU.Build.0 = Debug|Any CPU
		{A3176A62-50C3-469A-9AAA-D8381D78AACE}.Release|Any CPU.ActiveCfg = Release|Any CPU
		{A3176A62-50C3-469A-9AAA-D8381D78AACE}.Release|Any CPU.Build.0 = Release|Any CPU
		{D3A52C74-51E2-45EB-9E8B-2285F37A8F72}.Debug|Any CPU.ActiveCfg = Debug|Any CPU
		{D3A52C74-51E2-45EB-9E8B-2285F37A8F72}.Debug|Any CPU.Build.0 = Debug|Any CPU
		{D3A52C74-51E2-45EB-9E8B-2285F37A8F72}.Release|Any CPU.ActiveCfg = Release|Any CPU
		{D3A52C74-51E2-45EB-9E8B-2285F37A8F72}.Release|Any CPU.Build.0 = Release|Any CPU
	EndGlobalSection
	GlobalSection(SolutionProperties) = preSolution
		HideSolutionNode = FALSE
	EndGlobalSection
	GlobalSection(ExtensibilityGlobals) = postSolution
		SolutionGuid = {BC1E1DE5-CCB8-4C9E-9B38-4540E2DD7CD4}
	EndGlobalSection
EndGlobal
